
Microsoft Visual Studio Solution File, Format Version 12.00
# Visual Studio 2012
Project("{FAE04EC0-301F-11D3-BF4B-00C04F79EFBC}") = "Parser", "Parser\Parser.csproj", "{5F4A5633-AA16-4944-B344-3E6EC55EB9E4}"
EndProject
Project("{2150E333-8FDC-42A3-9474-1A3956D46DE8}") = "Solution Items", "Solution Items", "{9A576D59-6A19-40B8-9903-6E50B6D753DB}"
	ProjectSection(SolutionItems) = preProject
		.gitignore = .gitignore
		README.md = README.md
	EndProjectSection
EndProject
Project("{FAE04EC0-301F-11D3-BF4B-00C04F79EFBC}") = "Tests", "Tests\Tests.csproj", "{EEB818B6-3542-41F8-AFCA-180A3DBA8CC5}"
EndProject
Project("{2150E333-8FDC-42A3-9474-1A3956D46DE8}") = ".nuget", ".nuget", "{EF0CF10C-4266-496C-8141-811B636C3842}"
	ProjectSection(SolutionItems) = preProject
		.nuget\NuGet.Config = .nuget\NuGet.Config
		.nuget\NuGet.exe = .nuget\NuGet.exe
		.nuget\NuGet.targets = .nuget\NuGet.targets
	EndProjectSection
EndProject
Global
	GlobalSection(SolutionConfigurationPlatforms) = preSolution
		Debug|Any CPU = Debug|Any CPU
		Release|Any CPU = Release|Any CPU
	EndGlobalSection
	GlobalSection(ProjectConfigurationPlatforms) = postSolution
		{5F4A5633-AA16-4944-B344-3E6EC55EB9E4}.Debug|Any CPU.ActiveCfg = Debug|Any CPU
		{5F4A5633-AA16-4944-B344-3E6EC55EB9E4}.Debug|Any CPU.Build.0 = Debug|Any CPU
		{5F4A5633-AA16-4944-B344-3E6EC55EB9E4}.Release|Any CPU.ActiveCfg = Release|Any CPU
		{5F4A5633-AA16-4944-B344-3E6EC55EB9E4}.Release|Any CPU.Build.0 = Release|Any CPU
		{EEB818B6-3542-41F8-AFCA-180A3DBA8CC5}.Debug|Any CPU.ActiveCfg = Debug|Any CPU
		{EEB818B6-3542-41F8-AFCA-180A3DBA8CC5}.Debug|Any CPU.Build.0 = Debug|Any CPU
		{EEB818B6-3542-41F8-AFCA-180A3DBA8CC5}.Release|Any CPU.ActiveCfg = Release|Any CPU
		{EEB818B6-3542-41F8-AFCA-180A3DBA8CC5}.Release|Any CPU.Build.0 = Release|Any CPU
	EndGlobalSection
	GlobalSection(SolutionProperties) = preSolution
		HideSolutionNode = FALSE
	EndGlobalSection
EndGlobal
